
Microsoft Visual Studio Solution File, Format Version 12.00
# Visual Studio 15
VisualStudioVersion = 15.0.27130.2027
MinimumVisualStudioVersion = 10.0.40219.1
Project("{9A19103F-16F7-4668-BE54-9A1E7A4F7556}") = "serverMedIA", "serverMedIA\serverMedIA.csproj", "{8BE7F38B-2FA8-492A-8EEA-740FED81C2FE}"
EndProject
Project("{9A19103F-16F7-4668-BE54-9A1E7A4F7556}") = "serverMedIAMP", "serverMedIAMP\serverMedIAMP.csproj", "{67090356-848D-47BE-A055-3A178641A04A}"
EndProject
Project("{9A19103F-16F7-4668-BE54-9A1E7A4F7556}") = "mediaTemp", "mediaTemp\mediaTemp.csproj", "{EC704416-2802-4907-8DE2-45E2EFC515A6}"
EndProject
Project("{9A19103F-16F7-4668-BE54-9A1E7A4F7556}") = "serverMedIAMP2", "serverMedIAMP2\serverMedIAMP2.csproj", "{126F2B77-46BA-40C8-AB74-8CF47F01D237}"
EndProject
Global
	GlobalSection(SolutionConfigurationPlatforms) = preSolution
		Debug|Any CPU = Debug|Any CPU
		Release|Any CPU = Release|Any CPU
	EndGlobalSection
	GlobalSection(ProjectConfigurationPlatforms) = postSolution
		{8BE7F38B-2FA8-492A-8EEA-740FED81C2FE}.Debug|Any CPU.ActiveCfg = Debug|Any CPU
		{8BE7F38B-2FA8-492A-8EEA-740FED81C2FE}.Debug|Any CPU.Build.0 = Debug|Any CPU
		{8BE7F38B-2FA8-492A-8EEA-740FED81C2FE}.Release|Any CPU.ActiveCfg = Release|Any CPU
		{8BE7F38B-2FA8-492A-8EEA-740FED81C2FE}.Release|Any CPU.Build.0 = Release|Any CPU
		{67090356-848D-47BE-A055-3A178641A04A}.Debug|Any CPU.ActiveCfg = Debug|Any CPU
		{67090356-848D-47BE-A055-3A178641A04A}.Debug|Any CPU.Build.0 = Debug|Any CPU
		{67090356-848D-47BE-A055-3A178641A04A}.Release|Any CPU.ActiveCfg = Release|Any CPU
		{67090356-848D-47BE-A055-3A178641A04A}.Release|Any CPU.Build.0 = Release|Any CPU
		{EC704416-2802-4907-8DE2-45E2EFC515A6}.Debug|Any CPU.ActiveCfg = Debug|Any CPU
		{EC704416-2802-4907-8DE2-45E2EFC515A6}.Debug|Any CPU.Build.0 = Debug|Any CPU
		{EC704416-2802-4907-8DE2-45E2EFC515A6}.Release|Any CPU.ActiveCfg = Release|Any CPU
		{EC704416-2802-4907-8DE2-45E2EFC515A6}.Release|Any CPU.Build.0 = Release|Any CPU
		{126F2B77-46BA-40C8-AB74-8CF47F01D237}.Debug|Any CPU.ActiveCfg = Debug|Any CPU
		{126F2B77-46BA-40C8-AB74-8CF47F01D237}.Debug|Any CPU.Build.0 = Debug|Any CPU
		{126F2B77-46BA-40C8-AB74-8CF47F01D237}.Release|Any CPU.ActiveCfg = Release|Any CPU
		{126F2B77-46BA-40C8-AB74-8CF47F01D237}.Release|Any CPU.Build.0 = Release|Any CPU
	EndGlobalSection
	GlobalSection(SolutionProperties) = preSolution
		HideSolutionNode = FALSE
	EndGlobalSection
	GlobalSection(ExtensibilityGlobals) = postSolution
		SolutionGuid = {CDF68CB0-5A6B-4241-AFCE-83093E2A1F9F}
	EndGlobalSection
EndGlobal
